<?xml version="1.0" encoding="utf-8"?>
<Project ToolsVersion="4.0" xmlns="http://schemas.microsoft.com/developer/msbuild/2003">
  <ItemGroup>
    <Filter Include="Source Files">
      <UniqueIdentifier>{4FC737F1-C7A5-4376-A066-2A32D752A2FF}</UniqueIdentifier>
      <Extensions>cpp;c;cc;cxx;def;odl;idl;hpj;bat;asm;asmx</Extensions>
    </Filter>
    <Filter Include="Header Files">
      <UniqueIdentifier>{93995380-89BD-4b04-88EB-625FBE52EBFB}</UniqueIdentifier>
      <Extensions>h;hh;hpp;hxx;hm;inl;inc;xsd</Extensions>
    </Filter>
    <Filter Include="Resource Files">
      <UniqueIdentifier>{67DA6AB6-F800-4c08-8B7A-83BB121AAD01}</UniqueIdentifier>
      <Extensions>rc;ico;cur;bmp;dlg;rc2;rct;bin;rgs;gif;jpg;jpeg;jpe;resx;tiff;tif;png;wav;mfcribbon-ms</Extensions>
    </Filter>
    <Filter Include="Header Files\MFC">
      <UniqueIdentifier>{720f1abe-d2c3-46e4-9e50-d263d0aad103}</UniqueIdentifier>
    </Filter>
    <Filter Include="Source Files\MFC">
      <UniqueIdentifier>{c09659e4-80fd-47c3-a28b-30669f92cfbd}</UniqueIdentifier>
    </Filter>
    <Filter Include="Header Files\CEF3">
      <UniqueIdentifier>{9209edfd-c24a-4fa8-a6bd-df60598e2717}</UniqueIdentifier>
    </Filter>
    <Filter Include="Source Files\CEF3">
      <UniqueIdentifier>{52cfbdcc-dcc7-49ab-bea3-a4e15845b42d}</UniqueIdentifier>
    </Filter>
    <Filter Include="HTML">
      <UniqueIdentifier>{5be5165c-2771-4235-a5a8-5886b08fb830}</UniqueIdentifier>
    </Filter>
    <Filter Include="HTML\_css">
      <UniqueIdentifier>{ad9a07e9-c788-4940-a3b0-ed4b6b8879fa}</UniqueIdentifier>
    </Filter>
    <Filter Include="HTML\_script">
      <UniqueIdentifier>{c99572c5-deec-4d71-a71b-77610b2ea517}</UniqueIdentifier>
    </Filter>
  </ItemGroup>
  <ItemGroup>
    <Text Include="..\README.md" />
    <Text Include="..\LICENSE.txt" />
    <Text Include="html\index.html">
      <Filter>HTML</Filter>
    </Text>
    <Text Include="html\_css\style.css">
      <Filter>HTML\_css</Filter>
    </Text>
    <Text Include="html\_script\index.js">
      <Filter>HTML\_script</Filter>
    </Text>
  </ItemGroup>
  <ItemGroup>
    <ClInclude Include="targetver.h">
      <Filter>Header Files\MFC</Filter>
    </ClInclude>
    <ClInclude Include="Cef3.h">
      <Filter>Header Files\MFC</Filter>
    </ClInclude>
    <ClInclude Include="Cef3Doc.h">
      <Filter>Header Files\MFC</Filter>
    </ClInclude>
    <ClInclude Include="Cef3View.h">
      <Filter>Header Files\MFC</Filter>
    </ClInclude>
    <ClInclude Include="ChildFrm.h">
      <Filter>Header Files\MFC</Filter>
    </ClInclude>
    <ClInclude Include="MainFrm.h">
      <Filter>Header Files\MFC</Filter>
    </ClInclude>
    <ClInclude Include="Resource.h">
      <Filter>Header Files\MFC</Filter>
    </ClInclude>
    <ClInclude Include="stdafx.h">
      <Filter>Header Files\MFC</Filter>
    </ClInclude>
    <ClInclude Include="CefBrowserApp.h">
      <Filter>Header Files\CEF3</Filter>
    </ClInclude>
    <ClInclude Include="CefOtherApp.h">
      <Filter>Header Files\CEF3</Filter>
    </ClInclude>
    <ClInclude Include="CefRendererApp.h">
      <Filter>Header Files\CEF3</Filter>
    </ClInclude>
    <ClInclude Include="CefContext.h">
      <Filter>Header Files\CEF3</Filter>
    </ClInclude>
    <ClInclude Include="BrowserCtrl.h">
      <Filter>Header Files</Filter>
    </ClInclude>
    <ClInclude Include="ClientHandler.h">
      <Filter>Header Files</Filter>
    </ClInclude>
    <ClInclude Include="CefClientWindowsMessages.h">
      <Filter>Header Files</Filter>
    </ClInclude>
  </ItemGroup>
  <ItemGroup>
    <ClCompile Include="stdafx.cpp">
      <Filter>Source Files\MFC</Filter>
    </ClCompile>
    <ClCompile Include="Cef3.cpp">
      <Filter>Source Files\MFC</Filter>
    </ClCompile>
    <ClCompile Include="Cef3Doc.cpp">
      <Filter>Source Files\MFC</Filter>
    </ClCompile>
    <ClCompile Include="Cef3View.cpp">
      <Filter>Source Files\MFC</Filter>
    </ClCompile>
    <ClCompile Include="ChildFrm.cpp">
      <Filter>Source Files\MFC</Filter>
    </ClCompile>
    <ClCompile Include="MainFrm.cpp">
      <Filter>Source Files\MFC</Filter>
    </ClCompile>
    <ClCompile Include="CefBrowserApp.cpp">
      <Filter>Source Files\CEF3</Filter>
    </ClCompile>
    <ClCompile Include="CefRendererApp.cpp">
      <Filter>Source Files\CEF3</Filter>
    </ClCompile>
    <ClCompile Include="CefContext.cpp">
      <Filter>Source Files\CEF3</Filter>
    </ClCompile>
    <ClCompile Include="BrowserCtrl.cpp">
      <Filter>Source Files</Filter>
    </ClCompile>
    <ClCompile Include="ClientHandler.cpp">
      <Filter>Source Files</Filter>
    </ClCompile>
  </ItemGroup>
  <ItemGroup>
    <None Include="Cef3.reg" />
    <None Include="res\Cef3.rc2">
      <Filter>Resource Files</Filter>
    </None>
  </ItemGroup>
  <ItemGroup>
    <ResourceCompile Include="Cef3.rc">
      <Filter>Resource Files</Filter>
    </ResourceCompile>
  </ItemGroup>
  <ItemGroup>
    <Image Include="res\Cef3Doc.ico">
      <Filter>Resource Files</Filter>
    </Image>
    <Image Include="res\Cef3.ico">
      <Filter>Resource Files</Filter>
    </Image>
    <Image Include="res\Toolbar.bmp">
      <Filter>Resource Files</Filter>
    </Image>
  </ItemGroup>
</Project>